{
  "pins" : [
    {
      "identity" : "swift-any-error",
      "kind" : "remoteSourceControl",
      "location" : "https://github.com/valentinradu/swift-any-error.git",
      "state" : {
        "revision" : "3345ba8fafa0f84e70810245ccfd1e9c9d996992",
        "version" : "0.0.1"
      }
    },
    {
      "identity" : "swiftui-error-context",
      "kind" : "remoteSourceControl",
      "location" : "https://github.com/valentinradu/swiftui-error-context.git",
      "state" : {
        "revision" : "b270423ef4f2acf3de3640e26699d5801667e5b1",
        "version" : "0.0.6"
      }
    }
  ],
  "version" : 2
}
